// !$*UTF8*$!
{
	archiveVersion = 1;
	classes = {
	};
	objectVersion = 50;
	objects = {

/* Begin PBXBuildFile section */
		8220F8E4216DCE59003F9ED8 /* AppDelegate.swift in Sources */ = {isa = PBXBuildFile; fileRef = 8220F8E3216DCE59003F9ED8 /* AppDelegate.swift */; };
		8220F8E6216DCE59003F9ED8 /* ViewController.swift in Sources */ = {isa = PBXBuildFile; fileRef = 8220F8E5216DCE59003F9ED8 /* ViewController.swift */; };
		8220F8E9216DCE59003F9ED8 /* Main.storyboard in Resources */ = {isa = PBXBuildFile; fileRef = 8220F8E7216DCE59003F9ED8 /* Main.storyboard */; };
		8220F8EC216DCE59003F9ED8 /* SampleVideo.xcdatamodeld in Sources */ = {isa = PBXBuildFile; fileRef = 8220F8EA216DCE59003F9ED8 /* SampleVideo.xcdatamodeld */; };
		8220F8EE216DCE5B003F9ED8 /* Assets.xcassets in Resources */ = {isa = PBXBuildFile; fileRef = 8220F8ED216DCE5B003F9ED8 /* Assets.xcassets */; };
		8220F8F1216DCE5B003F9ED8 /* LaunchScreen.storyboard in Resources */ = {isa = PBXBuildFile; fileRef = 8220F8EF216DCE5B003F9ED8 /* LaunchScreen.storyboard */; };
		8220F8FC216DCE5B003F9ED8 /* SampleVideoTests.swift in Sources */ = {isa = PBXBuildFile; fileRef = 8220F8FB216DCE5B003F9ED8 /* SampleVideoTests.swift */; };
		8220F907216DCE5B003F9ED8 /* SampleVideoUITests.swift in Sources */ = {isa = PBXBuildFile; fileRef = 8220F906216DCE5B003F9ED8 /* SampleVideoUITests.swift */; };
/* End PBXBuildFile section */

/* Begin PBXContainerItemProxy section */
		8220F8F8216DCE5B003F9ED8 /* PBXContainerItemProxy */ = {
			isa = PBXContainerItemProxy;
			containerPortal = 8220F8D8216DCE59003F9ED8 /* Project object */;
			proxyType = 1;
			remoteGlobalIDString = 8220F8DF216DCE59003F9ED8;
			remoteInfo = SampleVideo;
		};
		8220F903216DCE5B003F9ED8 /* PBXContainerItemProxy */ = {
			isa = PBXContainerItemProxy;
			containerPortal = 8220F8D8216DCE59003F9ED8 /* Project object */;
			proxyType = 1;
			remoteGlobalIDString = 8220F8DF216DCE59003F9ED8;
			remoteInfo = SampleVideo;
		};
/* End PBXContainerItemProxy section */

/* Begin PBXFileReference section */
		8220F8E0216DCE59003F9ED8 /* SampleVideo.app */ = {isa = PBXFileReference; explicitFileType = wrapper.application; includeInIndex = 0; path = SampleVideo.app; sourceTree = BUILT_PRODUCTS_DIR; };
		8220F8E3216DCE59003F9ED8 /* AppDelegate.swift */ = {isa = PBXFileReference; lastKnownFileType = sourcecode.swift; path = AppDelegate.swift; sourceTree = "<group>"; };
		8220F8E5216DCE59003F9ED8 /* ViewController.swift */ = {isa = PBXFileReference; lastKnownFileType = sourcecode.swift; path = ViewController.swift; sourceTree = "<group>"; };
		8220F8E8216DCE59003F9ED8 /* Base */ = {isa = PBXFileReference; lastKnownFileType = file.storyboard; name = Base; path = Base.lproj/Main.storyboard; sourceTree = "<group>"; };
		8220F8EB216DCE59003F9ED8 /* SampleVideo.xcdatamodel */ = {isa = PBXFileReference; lastKnownFileType = wrapper.xcdatamodel; path = SampleVideo.xcdatamodel; sourceTree = "<group>"; };
		8220F8ED216DCE5B003F9ED8 /* Assets.xcassets */ = {isa = PBXFileReference; lastKnownFileType = folder.assetcatalog; path = Assets.xcassets; sourceTree = "<group>"; };
		8220F8F0216DCE5B003F9ED8 /* Base */ = {isa = PBXFileReference; lastKnownFileType = file.storyboard; name = Base; path = Base.lproj/LaunchScreen.storyboard; sourceTree = "<group>"; };
		8220F8F2216DCE5B003F9ED8 /* Info.plist */ = {isa = PBXFileReference; lastKnownFileType = text.plist.xml; path = Info.plist; sourceTree = "<group>"; };
		8220F8F7216DCE5B003F9ED8 /* SampleVideoTests.xctest */ = {isa = PBXFileReference; explicitFileType = wrapper.cfbundle; includeInIndex = 0; path = SampleVideoTests.xctest; sourceTree = BUILT_PRODUCTS_DIR; };
		8220F8FB216DCE5B003F9ED8 /* SampleVideoTests.swift */ = {isa = PBXFileReference; lastKnownFileType = sourcecode.swift; path = SampleVideoTests.swift; sourceTree = "<group>"; };
		8220F8FD216DCE5B003F9ED8 /* Info.plist */ = {isa = PBXFileReference; lastKnownFileType = text.plist.xml; path = Info.plist; sourceTree = "<group>"; };
		8220F902216DCE5B003F9ED8 /* SampleVideoUITests.xctest */ = {isa = PBXFileReference; explicitFileType = wrapper.cfbundle; includeInIndex = 0; path = SampleVideoUITests.xctest; sourceTree = BUILT_PRODUCTS_DIR; };
		8220F906216DCE5B003F9ED8 /* SampleVideoUITests.swift */ = {isa = PBXFileReference; lastKnownFileType = sourcecode.swift; path = SampleVideoUITests.swift; sourceTree = "<group>"; };
		8220F908216DCE5B003F9ED8 /* Info.plist */ = {isa = PBXFileReference; lastKnownFileType = text.plist.xml; path = Info.plist; sourceTree = "<group>"; };
/* End PBXFileReference section */

/* Begin PBXFrameworksBuildPhase section */
		8220F8DD216DCE59003F9ED8 /* Frameworks */ = {
			isa = PBXFrameworksBuildPhase;
			buildActionMask = 2147483647;
			files = (
			);
			runOnlyForDeploymentPostprocessing = 0;
		};
		8220F8F4216DCE5B003F9ED8 /* Frameworks */ = {
			isa = PBXFrameworksBuildPhase;
			buildActionMask = 2147483647;
			files = (
			);
			runOnlyForDeploymentPostprocessing = 0;
		};
		8220F8FF216DCE5B003F9ED8 /* Frameworks */ = {
			isa = PBXFrameworksBuildPhase;
			buildActionMask = 2147483647;
			files = (
			);
			runOnlyForDeploymentPostprocessing = 0;
		};
/* End PBXFrameworksBuildPhase section */

/* Begin PBXGroup section */
		8220F8D7216DCE59003F9ED8 = {
			isa = PBXGroup;
			children = (
				8220F8E2216DCE59003F9ED8 /* SampleVideo */,
				8220F8FA216DCE5B003F9ED8 /* SampleVideoTests */,
				8220F905216DCE5B003F9ED8 /* SampleVideoUITests */,
				8220F8E1216DCE59003F9ED8 /* Products */,
			);
			sourceTree = "<group>";
		};
		8220F8E1216DCE59003F9ED8 /* Products */ = {
			isa = PBXGroup;
			children = (
				8220F8E0216DCE59003F9ED8 /* SampleVideo.app */,
				8220F8F7216DCE5B003F9ED8 /* SampleVideoTests.xctest */,
				8220F902216DCE5B003F9ED8 /* SampleVideoUITests.xctest */,
			);
			name = Products;
			sourceTree = "<group>";
		};
		8220F8E2216DCE59003F9ED8 /* SampleVideo */ = {
			isa = PBXGroup;
			children = (
				8220F8E3216DCE59003F9ED8 /* AppDelegate.swift */,
				8220F8E5216DCE59003F9ED8 /* ViewController.swift */,
				8220F8E7216DCE59003F9ED8 /* Main.storyboard */,
				8220F8ED216DCE5B003F9ED8 /* Assets.xcassets */,
				8220F8EF216DCE5B003F9ED8 /* LaunchScreen.storyboard */,
				8220F8F2216DCE5B003F9ED8 /* Info.plist */,
				8220F8EA216DCE59003F9ED8 /* SampleVideo.xcdatamodeld */,
			);
			path = SampleVideo;
			sourceTree = "<group>";
		};
		8220F8FA216DCE5B003F9ED8 /* SampleVideoTests */ = {
			isa = PBXGroup;
			children = (
				8220F8FB216DCE5B003F9ED8 /* SampleVideoTests.swift */,
				8220F8FD216DCE5B003F9ED8 /* Info.plist */,
			);
			path = SampleVideoTests;
			sourceTree = "<group>";
		};
		8220F905216DCE5B003F9ED8 /* SampleVideoUITests */ = {
			isa = PBXGroup;
			children = (
				8220F906216DCE5B003F9ED8 /* SampleVideoUITests.swift */,
				8220F908216DCE5B003F9ED8 /* Info.plist */,
			);
			path = SampleVideoUITests;
			sourceTree = "<group>";
		};
/* End PBXGroup section */

/* Begin PBXNativeTarget section */
		8220F8DF216DCE59003F9ED8 /* SampleVideo */ = {
			isa = PBXNativeTarget;
			buildConfigurationList = 8220F90B216DCE5B003F9ED8 /* Build configuration list for PBXNativeTarget "SampleVideo" */;
			buildPhases = (
				8220F8DC216DCE59003F9ED8 /* Sources */,
				8220F8DD216DCE59003F9ED8 /* Frameworks */,
				8220F8DE216DCE59003F9ED8 /* Resources */,
			);
			buildRules = (
			);
			dependencies = (
			);
			name = SampleVideo;
			productName = SampleVideo;
			productReference = 8220F8E0216DCE59003F9ED8 /* SampleVideo.app */;
			productType = "com.apple.product-type.application";
		};
		8220F8F6216DCE5B003F9ED8 /* SampleVideoTests */ = {
			isa = PBXNativeTarget;
			buildConfigurationList = 8220F90E216DCE5B003F9ED8 /* Build configuration list for PBXNativeTarget "SampleVideoTests" */;
			buildPhases = (
				8220F8F3216DCE5B003F9ED8 /* Sources */,
				8220F8F4216DCE5B003F9ED8 /* Frameworks */,
				8220F8F5216DCE5B003F9ED8 /* Resources */,
			);
			buildRules = (
			);
			dependencies = (
				8220F8F9216DCE5B003F9ED8 /* PBXTargetDependency */,
			);
			name = SampleVideoTests;
			productName = SampleVideoTests;
			productReference = 8220F8F7216DCE5B003F9ED8 /* SampleVideoTests.xctest */;
			productType = "com.apple.product-type.bundle.unit-test";
		};
		8220F901216DCE5B003F9ED8 /* SampleVideoUITests */ = {
			isa = PBXNativeTarget;
			buildConfigurationList = 8220F911216DCE5B003F9ED8 /* Build configuration list for PBXNativeTarget "SampleVideoUITests" */;
			buildPhases = (
				8220F8FE216DCE5B003F9ED8 /* Sources */,
				8220F8FF216DCE5B003F9ED8 /* Frameworks */,
				8220F900216DCE5B003F9ED8 /* Resources */,
			);
			buildRules = (
			);
			dependencies = (
				8220F904216DCE5B003F9ED8 /* PBXTargetDependency */,
			);
			name = SampleVideoUITests;
			productName = SampleVideoUITests;
			productReference = 8220F902216DCE5B003F9ED8 /* SampleVideoUITests.xctest */;
			productType = "com.apple.product-type.bundle.ui-testing";
		};
/* End PBXNativeTarget section */

/* Begin PBXProject section */
		8220F8D8216DCE59003F9ED8 /* Project object */ = {
			isa = PBXProject;
			attributes = {
				LastSwiftUpdateCheck = 0940;
				LastUpgradeCheck = 0940;
				ORGANIZATIONNAME = "Solitaire Infotech";
				TargetAttributes = {
					8220F8DF216DCE59003F9ED8 = {
						CreatedOnToolsVersion = 9.4.1;
					};
					8220F8F6216DCE5B003F9ED8 = {
						CreatedOnToolsVersion = 9.4.1;
						TestTargetID = 8220F8DF216DCE59003F9ED8;
					};
					8220F901216DCE5B003F9ED8 = {
						CreatedOnToolsVersion = 9.4.1;
						TestTargetID = 8220F8DF216DCE59003F9ED8;
					};
				};
			};
			buildConfigurationList = 8220F8DB216DCE59003F9ED8 /* Build configuration list for PBXProject "SampleVideo" */;
			compatibilityVersion = "Xcode 9.3";
			developmentRegion = en;
			hasScannedForEncodings = 0;
			knownRegions = (
				en,
				Base,
			);
			mainGroup = 8220F8D7216DCE59003F9ED8;
			productRefGroup = 8220F8E1216DCE59003F9ED8 /* Products */;
			projectDirPath = "";
			projectRoot = "";
			targets = (
				8220F8DF216DCE59003F9ED8 /* SampleVideo */,
				8220F8F6216DCE5B003F9ED8 /* SampleVideoTests */,
				8220F901216DCE5B003F9ED8 /* SampleVideoUITests */,
			);
		};
/* End PBXProject section */

/* Begin PBXResourcesBuildPhase section */
		8220F8DE216DCE59003F9ED8 /* Resources */ = {
			isa = PBXResourcesBuildPhase;
			buildActionMask = 2147483647;
			files = (
				8220F8F1216DCE5B003F9ED8 /* LaunchScreen.storyboard in Resources */,
				8220F8EE216DCE5B003F9ED8 /* Assets.xcassets in Resources */,
				8220F8E9216DCE59003F9ED8 /* Main.storyboard in Resources */,
			);
			runOnlyForDeploymentPostprocessing = 0;
		};
		8220F8F5216DCE5B003F9ED8 /* Resources */ = {
			isa = PBXResourcesBuildPhase;
			buildActionMask = 2147483647;
			files = (
			);
			runOnlyForDeploymentPostprocessing = 0;
		};
		8220F900216DCE5B003F9ED8 /* Resources */ = {
			isa = PBXResourcesBuildPhase;
			buildActionMask = 2147483647;
			files = (
			);
			runOnlyForDeploymentPostprocessing = 0;
		};
/* End PBXResourcesBuildPhase section */

/* Begin PBXSourcesBuildPhase section */
		8220F8DC216DCE59003F9ED8 /* Sources */ = {
			isa = PBXSourcesBuildPhase;
			buildActionMask = 2147483647;
			files = (
				8220F8EC216DCE59003F9ED8 /* SampleVideo.xcdatamodeld in Sources */,
				8220F8E6216DCE59003F9ED8 /* ViewController.swift in Sources */,
				8220F8E4216DCE59003F9ED8 /* AppDelegate.swift in Sources */,
			);
			runOnlyForDeploymentPostprocessing = 0;
		};
		8220F8F3216DCE5B003F9ED8 /* Sources */ = {
			isa = PBXSourcesBuildPhase;
			buildActionMask = 2147483647;
			files = (
				8220F8FC216DCE5B003F9ED8 /* SampleVideoTests.swift in Sources */,
			);
			runOnlyForDeploymentPostprocessing = 0;
		};
		8220F8FE216DCE5B003F9ED8 /* Sources */ = {
			isa = PBXSourcesBuildPhase;
			buildActionMask = 2147483647;
			files = (
				8220F907216DCE5B003F9ED8 /* SampleVideoUITests.swift in Sources */,
			);
			runOnlyForDeploymentPostprocessing = 0;
		};
/* End PBXSourcesBuildPhase section */

/* Begin PBXTargetDependency section */
		8220F8F9216DCE5B003F9ED8 /* PBXTargetDependency */ = {
			isa = PBXTargetDependency;
			target = 8220F8DF216DCE59003F9ED8 /* SampleVideo */;
			targetProxy = 8220F8F8216DCE5B003F9ED8 /* PBXContainerItemProxy */;
		};
		8220F904216DCE5B003F9ED8 /* PBXTargetDependency */ = {
			isa = PBXTargetDependency;
			target = 8220F8DF216DCE59003F9ED8 /* SampleVideo */;
			targetProxy = 8220F903216DCE5B003F9ED8 /* PBXContainerItemProxy */;
		};
/* End PBXTargetDependency section */

/* Begin PBXVariantGroup section */
		8220F8E7216DCE59003F9ED8 /* Main.storyboard */ = {
			isa = PBXVariantGroup;
			children = (
				8220F8E8216DCE59003F9ED8 /* Base */,
			);
			name = Main.storyboard;
			sourceTree = "<group>";
		};
		8220F8EF216DCE5B003F9ED8 /* LaunchScreen.storyboard */ = {
			isa = PBXVariantGroup;
			children = (
				8220F8F0216DCE5B003F9ED8 /* Base */,
			);
			name = LaunchScreen.storyboard;
			sourceTree = "<group>";
		};
/* End PBXVariantGroup section */

/* Begin XCBuildConfiguration section */
		8220F909216DCE5B003F9ED8 /* Debug */ = {
			isa = XCBuildConfiguration;
			buildSettings = {
				ALWAYS_SEARCH_USER_PATHS = NO;
				CLANG_ANALYZER_NONNULL = YES;
				CLANG_ANALYZER_NUMBER_OBJECT_CONVERSION = YES_AGGRESSIVE;
				CLANG_CXX_LANGUAGE_STANDARD = "gnu++14";
				CLANG_CXX_LIBRARY = "libc++";
				CLANG_ENABLE_MODULES = YES;
				CLANG_ENABLE_OBJC_ARC = YES;
				CLANG_ENABLE_OBJC_WEAK = YES;
				CLANG_WARN_BLOCK_CAPTURE_AUTORELEASING = YES;
				CLANG_WARN_BOOL_CONVERSION = YES;
				CLANG_WARN_COMMA = YES;
				CLANG_WARN_CONSTANT_CONVERSION = YES;
				CLANG_WARN_DEPRECATED_OBJC_IMPLEMENTATIONS = YES;
				CLANG_WARN_DIRECT_OBJC_ISA_USAGE = YES_ERROR;
				CLANG_WARN_DOCUMENTATION_COMMENTS = YES;
				CLANG_WARN_EMPTY_BODY = YES;
				CLANG_WARN_ENUM_CONVERSION = YES;
				CLANG_WARN_INFINITE_RECURSION = YES;
				CLANG_WARN_INT_CONVERSION = YES;
				CLANG_WARN_NON_LITERAL_NULL_CONVERSION = YES;
				CLANG_WARN_OBJC_IMPLICIT_RETAIN_SELF = YES;
				CLANG_WARN_OBJC_LITERAL_CONVERSION = YES;
				CLANG_WARN_OBJC_ROOT_CLASS = YES_ERROR;
				CLANG_WARN_RANGE_LOOP_ANALYSIS = YES;
				CLANG_WARN_STRICT_PROTOTYPES = YES;
				CLANG_WARN_SUSPICIOUS_MOVE = YES;
				CLANG_WARN_UNGUARDED_AVAILABILITY = YES_AGGRESSIVE;
				CLANG_WARN_UNREACHABLE_CODE = YES;
				CLANG_WARN__DUPLICATE_METHOD_MATCH = YES;
				CODE_SIGN_IDENTITY = "iPhone Developer";
				COPY_PHASE_STRIP = NO;
				DEBUG_INFORMATION_FORMAT = dwarf;
				ENABLE_STRICT_OBJC_MSGSEND = YES;
				ENABLE_TESTABILITY = YES;
				GCC_C_LANGUAGE_STANDARD = gnu11;
				GCC_DYNAMIC_NO_PIC = NO;
				GCC_NO_COMMON_BLOCKS = YES;
				GCC_OPTIMIZATION_LEVEL = 0;
				GCC_PREPROCESSOR_DEFINITIONS = (
					"DEBUG=1",
					"$(inherited)",
				);
				GCC_WARN_64_TO_32_BIT_CONVERSION = YES;
				GCC_WARN_ABOUT_RETURN_TYPE = YES_ERROR;
				GCC_WARN_UNDECLARED_SELECTOR = YES;
				GCC_WARN_UNINITIALIZED_AUTOS = YES_AGGRESSIVE;
				GCC_WARN_UNUSED_FUNCTION = YES;
				GCC_WARN_UNUSED_VARIABLE = YES;
				IPHONEOS_DEPLOYMENT_TARGET = 11.4;
				MTL_ENABLE_DEBUG_INFO = YES;
				ONLY_ACTIVE_ARCH = YES;
				SDKROOT = iphoneos;
				SWIFT_ACTIVE_COMPILATION_CONDITIONS = DEBUG;
				SWIFT_OPTIMIZATION_LEVEL = "-Onone";
			};
			name = Debug;
		};
		8220F90A216DCE5B003F9ED8 /* Release */ = {
			isa = XCBuildConfiguration;
			buildSettings = {
				ALWAYS_SEARCH_USER_PATHS = NO;
				CLANG_ANALYZER_NONNULL = YES;
				CLANG_ANALYZER_NUMBER_OBJECT_CONVERSION = YES_AGGRESSIVE;
				CLANG_CXX_LANGUAGE_STANDARD = "gnu++14";
				CLANG_CXX_LIBRARY = "libc++";
				CLANG_ENABLE_MODULES = YES;
				CLANG_ENABLE_OBJC_ARC = YES;
				CLANG_ENABLE_OBJC_WEAK = YES;
				CLANG_WARN_BLOCK_CAPTURE_AUTORELEASING = YES;
				CLANG_WARN_BOOL_CONVERSION = YES;
				CLANG_WARN_COMMA = YES;
				CLANG_WARN_CONSTANT_CONVERSION = YES;
				CLANG_WARN_DEPRECATED_OBJC_IMPLEMENTATIONS = YES;
				CLANG_WARN_DIRECT_OBJC_ISA_USAGE = YES_ERROR;
				CLANG_WARN_DOCUMENTATION_COMMENTS = YES;
				CLANG_WARN_EMPTY_BODY = YES;
				CLANG_WARN_ENUM_CONVERSION = YES;
				CLANG_WARN_INFINITE_RECURSION = YES;
				CLANG_WARN_INT_CONVERSION = YES;
				CLANG_WARN_NON_LITERAL_NULL_CONVERSION = YES;
				CLANG_WARN_OBJC_IMPLICIT_RETAIN_SELF = YES;
				CLANG_WARN_OBJC_LITERAL_CONVERSION = YES;
				CLANG_WARN_OBJC_ROOT_CLASS = YES_ERROR;
				CLANG_WARN_RANGE_LOOP_ANALYSIS = YES;
				CLANG_WARN_STRICT_PROTOTYPES = YES;
				CLANG_WARN_SUSPICIOUS_MOVE = YES;
				CLANG_WARN_UNGUARDED_AVAILABILITY = YES_AGGRESSIVE;
				CLANG_WARN_UNREACHABLE_CODE = YES;
				CLANG_WARN__DUPLICATE_METHOD_MATCH = YES;
				CODE_SIGN_IDENTITY = "iPhone Developer";
				COPY_PHASE_STRIP = NO;
				DEBUG_INFORMATION_FORMAT = "dwarf-with-dsym";
				ENABLE_NS_ASSERTIONS = NO;
				ENABLE_STRICT_OBJC_MSGSEND = YES;
				GCC_C_LANGUAGE_STANDARD = gnu11;
				GCC_NO_COMMON_BLOCKS = YES;
				GCC_WARN_64_TO_32_BIT_CONVERSION = YES;
				GCC_WARN_ABOUT_RETURN_TYPE = YES_ERROR;
				GCC_WARN_UNDECLARED_SELECTOR = YES;
				GCC_WARN_UNINITIALIZED_AUTOS = YES_AGGRESSIVE;
				GCC_WARN_UNUSED_FUNCTION = YES;
				GCC_WARN_UNUSED_VARIABLE = YES;
				IPHONEOS_DEPLOYMENT_TARGET = 11.4;
				MTL_ENABLE_DEBUG_INFO = NO;
				SDKROOT = iphoneos;
				SWIFT_COMPILATION_MODE = wholemodule;
				SWIFT_OPTIMIZATION_LEVEL = "-O";
				VALIDATE_PRODUCT = YES;
			};
			name = Release;
		};
		8220F90C216DCE5B003F9ED8 /* Debug */ = {
			isa = XCBuildConfiguration;
			buildSettings = {
				ASSETCATALOG_COMPILER_APPICON_NAME = AppIcon;
				CODE_SIGN_STYLE = Automatic;
				INFOPLIST_FILE = SampleVideo/Info.plist;
				LD_RUNPATH_SEARCH_PATHS = (
					"$(inherited)",
					"@executable_path/Frameworks",
				);
				PRODUCT_BUNDLE_IDENTIFIER = Solitaire.SampleVideo;
				PRODUCT_NAME = "$(TARGET_NAME)";
				SWIFT_VERSION = 4.0;
				TARGETED_DEVICE_FAMILY = "1,2";
			};
			name = Debug;
		};
		8220F90D216DCE5B003F9ED8 /* Release */ = {
			isa = XCBuildConfiguration;
			buildSettings = {
				ASSETCATALOG_COMPILER_APPICON_NAME = AppIcon;
				CODE_SIGN_STYLE = Automatic;
				INFOPLIST_FILE = SampleVideo/Info.plist;
				LD_RUNPATH_SEARCH_PATHS = (
					"$(inherited)",
					"@executable_path/Frameworks",
				);
				PRODUCT_BUNDLE_IDENTIFIER = Solitaire.SampleVideo;
				PRODUCT_NAME = "$(TARGET_NAME)";
				SWIFT_VERSION = 4.0;
				TARGETED_DEVICE_FAMILY = "1,2";
			};
			name = Release;
		};
		8220F90F216DCE5B003F9ED8 /* Debug */ = {
			isa = XCBuildConfiguration;
			buildSettings = {
				ALWAYS_EMBED_SWIFT_STANDARD_LIBRARIES = YES;
				BUNDLE_LOADER = "$(TEST_HOST)";
				CODE_SIGN_STYLE = Automatic;
				INFOPLIST_FILE = SampleVideoTests/Info.plist;
				LD_RUNPATH_SEARCH_PATHS = (
					"$(inherited)",
					"@executable_path/Frameworks",
					"@loader_path/Frameworks",
				);
				PRODUCT_BUNDLE_IDENTIFIER = Solitaire.SampleVideoTests;
				PRODUCT_NAME = "$(TARGET_NAME)";
				SWIFT_VERSION = 4.0;
				TARGETED_DEVICE_FAMILY = "1,2";
				TEST_HOST = "$(BUILT_PRODUCTS_DIR)/SampleVideo.app/SampleVideo";
			};
			name = Debug;
		};
		8220F910216DCE5B003F9ED8 /* Release */ = {
			isa = XCBuildConfiguration;
			buildSettings = {
				ALWAYS_EMBED_SWIFT_STANDARD_LIBRARIES = YES;
				BUNDLE_LOADER = "$(TEST_HOST)";
				CODE_SIGN_STYLE = Automatic;
				INFOPLIST_FILE = SampleVideoTests/Info.plist;
				LD_RUNPATH_SEARCH_PATHS = (
					"$(inherited)",
					"@executable_path/Frameworks",
					"@loader_path/Frameworks",
				);
				PRODUCT_BUNDLE_IDENTIFIER = Solitaire.SampleVideoTests;
				PRODUCT_NAME = "$(TARGET_NAME)";
				SWIFT_VERSION = 4.0;
				TARGETED_DEVICE_FAMILY = "1,2";
				TEST_HOST = "$(BUILT_PRODUCTS_DIR)/SampleVideo.app/SampleVideo";
			};
			name = Release;
		};
		8220F912216DCE5B003F9ED8 /* Debug */ = {
			isa = XCBuildConfiguration;
			buildSettings = {
				ALWAYS_EMBED_SWIFT_STANDARD_LIBRARIES = YES;
				CODE_SIGN_STYLE = Automatic;
				INFOPLIST_FILE = SampleVideoUITests/Info.plist;
				LD_RUNPATH_SEARCH_PATHS = (
					"$(inherited)",
					"@executable_path/Frameworks",
					"@loader_path/Frameworks",
				);
				PRODUCT_BUNDLE_IDENTIFIER = Solitaire.SampleVideoUITests;
				PRODUCT_NAME = "$(TARGET_NAME)";
				SWIFT_VERSION = 4.0;
				TARGETED_DEVICE_FAMILY = "1,2";
				TEST_TARGET_NAME = SampleVideo;
			};
			name = Debug;
		};
		8220F913216DCE5B003F9ED8 /* Release */ = {
			isa = XCBuildConfiguration;
			buildSettings = {
				ALWAYS_EMBED_SWIFT_STANDARD_LIBRARIES = YES;
				CODE_SIGN_STYLE = Automatic;
				INFOPLIST_FILE = SampleVideoUITests/Info.plist;
				LD_RUNPATH_SEARCH_PATHS = (
					"$(inherited)",
					"@executable_path/Frameworks",
					"@loader_path/Frameworks",
				);
				PRODUCT_BUNDLE_IDENTIFIER = Solitaire.SampleVideoUITests;
				PRODUCT_NAME = "$(TARGET_NAME)";
				SWIFT_VERSION = 4.0;
				TARGETED_DEVICE_FAMILY = "1,2";
				TEST_TARGET_NAME = SampleVideo;
			};
			name = Release;
		};
/* End XCBuildConfiguration section */

/* Begin XCConfigurationList section */
		8220F8DB216DCE59003F9ED8 /* Build configuration list for PBXProject "SampleVideo" */ = {
			isa = XCConfigurationList;
			buildConfigurations = (
				8220F909216DCE5B003F9ED8 /* Debug */,
				8220F90A216DCE5B003F9ED8 /* Release */,
			);
			defaultConfigurationIsVisible = 0;
			defaultConfigurationName = Release;
		};
		8220F90B216DCE5B003F9ED8 /* Build configuration list for PBXNativeTarget "SampleVideo" */ = {
			isa = XCConfigurationList;
			buildConfigurations = (
				8220F90C216DCE5B003F9ED8 /* Debug */,
				8220F90D216DCE5B003F9ED8 /* Release */,
			);
			defaultConfigurationIsVisible = 0;
			defaultConfigurationName = Release;
		};
		8220F90E216DCE5B003F9ED8 /* Build configuration list for PBXNativeTarget "SampleVideoTests" */ = {
			isa = XCConfigurationList;
			buildConfigurations = (
				8220F90F216DCE5B003F9ED8 /* Debug */,
				8220F910216DCE5B003F9ED8 /* Release */,
			);
			defaultConfigurationIsVisible = 0;
			defaultConfigurationName = Release;
		};
		8220F911216DCE5B003F9ED8 /* Build configuration list for PBXNativeTarget "SampleVideoUITests" */ = {
			isa = XCConfigurationList;
			buildConfigurations = (
				8220F912216DCE5B003F9ED8 /* Debug */,
				8220F913216DCE5B003F9ED8 /* Release */,
			);
			defaultConfigurationIsVisible = 0;
			defaultConfigurationName = Release;
		};
/* End XCConfigurationList section */

/* Begin XCVersionGroup section */
		8220F8EA216DCE59003F9ED8 /* SampleVideo.xcdatamodeld */ = {
			isa = XCVersionGroup;
			children = (
				8220F8EB216DCE59003F9ED8 /* SampleVideo.xcdatamodel */,
			);
			currentVersion = 8220F8EB216DCE59003F9ED8 /* SampleVideo.xcdatamodel */;
			path = SampleVideo.xcdatamodeld;
			sourceTree = "<group>";
			versionGroupType = wrapper.xcdatamodel;
		};
/* End XCVersionGroup section */
	};
	rootObject = 8220F8D8216DCE59003F9ED8 /* Project object */;
}
